// !$*UTF8*$!
{
	archiveVersion = 1;
	classes = {
	};
	objectVersion = 77;
	objects = {

/* Begin PBXBuildFile section */
		1F06F8083E814F72A546CF3D /* Pods_MyMarketTests.framework in Frameworks */ = {isa = PBXBuildFile; fileRef = F58630EC41421AFB730DEE2B /* Pods_MyMarketTests.framework */; };
		4DDBFC32B2C43101A596CFB4 /* Pods_MyMarket_MyMarketUITests.framework in Frameworks */ = {isa = PBXBuildFile; fileRef = E65B9738023F0268272A6D4E /* Pods_MyMarket_MyMarketUITests.framework */; };
		EAE9710879867D45145D08C6 /* Pods_MyMarket.framework in Frameworks */ = {isa = PBXBuildFile; fileRef = 29C67BAF9DC18688D20EB263 /* Pods_MyMarket.framework */; };
/* End PBXBuildFile section */

/* Begin PBXContainerItemProxy section */
		2CD2B0402E509686007B226C /* PBXContainerItemProxy */ = {
			isa = PBXContainerItemProxy;
			containerPortal = 2CD2B0212E509685007B226C /* Project object */;
			proxyType = 1;
			remoteGlobalIDString = 2CD2B0282E509685007B226C;
			remoteInfo = MyMarket;
		};
		2CD2B04A2E509686007B226C /* PBXContainerItemProxy */ = {
			isa = PBXContainerItemProxy;
			containerPortal = 2CD2B0212E509685007B226C /* Project object */;
			proxyType = 1;
			remoteGlobalIDString = 2CD2B0282E509685007B226C;
			remoteInfo = MyMarket;
		};
/* End PBXContainerItemProxy section */

/* Begin PBXFileReference section */
		1C77624CE1DAD243854545CF /* Pods-MyMarket.release.xcconfig */ = {isa = PBXFileReference; includeInIndex = 1; lastKnownFileType = text.xcconfig; name = "Pods-MyMarket.release.xcconfig"; path = "Target Support Files/Pods-MyMarket/Pods-MyMarket.release.xcconfig"; sourceTree = "<group>"; };
		29C67BAF9DC18688D20EB263 /* Pods_MyMarket.framework */ = {isa = PBXFileReference; explicitFileType = wrapper.framework; includeInIndex = 0; path = Pods_MyMarket.framework; sourceTree = BUILT_PRODUCTS_DIR; };
		2CD2B0292E509685007B226C /* MyMarket.app */ = {isa = PBXFileReference; explicitFileType = wrapper.application; includeInIndex = 0; path = MyMarket.app; sourceTree = BUILT_PRODUCTS_DIR; };
		2CD2B03F2E509686007B226C /* MyMarketTests.xctest */ = {isa = PBXFileReference; explicitFileType = wrapper.cfbundle; includeInIndex = 0; path = MyMarketTests.xctest; sourceTree = BUILT_PRODUCTS_DIR; };
		2CD2B0492E509686007B226C /* MyMarketUITests.xctest */ = {isa = PBXFileReference; explicitFileType = wrapper.cfbundle; includeInIndex = 0; path = MyMarketUITests.xctest; sourceTree = BUILT_PRODUCTS_DIR; };
		42729452C242C375448AAF8F /* Pods-MyMarket.debug.xcconfig */ = {isa = PBXFileReference; includeInIndex = 1; lastKnownFileType = text.xcconfig; name = "Pods-MyMarket.debug.xcconfig"; path = "Target Support Files/Pods-MyMarket/Pods-MyMarket.debug.xcconfig"; sourceTree = "<group>"; };
		444E3035D14EDAC4697A6CA5 /* Pods-MyMarketTests.release.xcconfig */ = {isa = PBXFileReference; includeInIndex = 1; lastKnownFileType = text.xcconfig; name = "Pods-MyMarketTests.release.xcconfig"; path = "Target Support Files/Pods-MyMarketTests/Pods-MyMarketTests.release.xcconfig"; sourceTree = "<group>"; };
		901C7E5E82021B1452F6BC2F /* Pods-MyMarketTests.debug.xcconfig */ = {isa = PBXFileReference; includeInIndex = 1; lastKnownFileType = text.xcconfig; name = "Pods-MyMarketTests.debug.xcconfig"; path = "Target Support Files/Pods-MyMarketTests/Pods-MyMarketTests.debug.xcconfig"; sourceTree = "<group>"; };
		9D38D7F2A546D0B24F853310 /* Pods-MyMarket-MyMarketUITests.debug.xcconfig */ = {isa = PBXFileReference; includeInIndex = 1; lastKnownFileType = text.xcconfig; name = "Pods-MyMarket-MyMarketUITests.debug.xcconfig"; path = "Target Support Files/Pods-MyMarket-MyMarketUITests/Pods-MyMarket-MyMarketUITests.debug.xcconfig"; sourceTree = "<group>"; };
		E65B9738023F0268272A6D4E /* Pods_MyMarket_MyMarketUITests.framework */ = {isa = PBXFileReference; explicitFileType = wrapper.framework; includeInIndex = 0; path = Pods_MyMarket_MyMarketUITests.framework; sourceTree = BUILT_PRODUCTS_DIR; };
		F58630EC41421AFB730DEE2B /* Pods_MyMarketTests.framework */ = {isa = PBXFileReference; explicitFileType = wrapper.framework; includeInIndex = 0; path = Pods_MyMarketTests.framework; sourceTree = BUILT_PRODUCTS_DIR; };
		FB316D441677EC9929113513 /* Pods-MyMarket-MyMarketUITests.release.xcconfig */ = {isa = PBXFileReference; includeInIndex = 1; lastKnownFileType = text.xcconfig; name = "Pods-MyMarket-MyMarketUITests.release.xcconfig"; path = "Target Support Files/Pods-MyMarket-MyMarketUITests/Pods-MyMarket-MyMarketUITests.release.xcconfig"; sourceTree = "<group>"; };
/* End PBXFileReference section */

/* Begin PBXFileSystemSynchronizedBuildFileExceptionSet section */
		2CD2B0512E509686007B226C /* Exceptions for "MyMarket" folder in "MyMarket" target */ = {
			isa = PBXFileSystemSynchronizedBuildFileExceptionSet;
			membershipExceptions = (
				Info.plist,
			);
			target = 2CD2B0282E509685007B226C /* MyMarket */;
		};
/* End PBXFileSystemSynchronizedBuildFileExceptionSet section */

/* Begin PBXFileSystemSynchronizedRootGroup section */
		2CD2B02B2E509685007B226C /* MyMarket */ = {
			isa = PBXFileSystemSynchronizedRootGroup;
			exceptions = (
				2CD2B0512E509686007B226C /* Exceptions for "MyMarket" folder in "MyMarket" target */,
			);
			path = MyMarket;
			sourceTree = "<group>";
		};
		2CD2B0422E509686007B226C /* MyMarketTests */ = {
			isa = PBXFileSystemSynchronizedRootGroup;
			path = MyMarketTests;
			sourceTree = "<group>";
		};
		2CD2B04C2E509686007B226C /* MyMarketUITests */ = {
			isa = PBXFileSystemSynchronizedRootGroup;
			path = MyMarketUITests;
			sourceTree = "<group>";
		};
/* End PBXFileSystemSynchronizedRootGroup section */

/* Begin PBXFrameworksBuildPhase section */
		2CD2B0262E509685007B226C /* Frameworks */ = {
			isa = PBXFrameworksBuildPhase;
			buildActionMask = 2147483647;
			files = (
				EAE9710879867D45145D08C6 /* Pods_MyMarket.framework in Frameworks */,
			);
			runOnlyForDeploymentPostprocessing = 0;
		};
		2CD2B03C2E509686007B226C /* Frameworks */ = {
			isa = PBXFrameworksBuildPhase;
			buildActionMask = 2147483647;
			files = (
				1F06F8083E814F72A546CF3D /* Pods_MyMarketTests.framework in Frameworks */,
			);
			runOnlyForDeploymentPostprocessing = 0;
		};
		2CD2B0462E509686007B226C /* Frameworks */ = {
			isa = PBXFrameworksBuildPhase;
			buildActionMask = 2147483647;
			files = (
				4DDBFC32B2C43101A596CFB4 /* Pods_MyMarket_MyMarketUITests.framework in Frameworks */,
			);
			runOnlyForDeploymentPostprocessing = 0;
		};
/* End PBXFrameworksBuildPhase section */

/* Begin PBXGroup section */
		2CD2B0202E509685007B226C = {
			isa = PBXGroup;
			children = (
				2CD2B02B2E509685007B226C /* MyMarket */,
				2CD2B0422E509686007B226C /* MyMarketTests */,
				2CD2B04C2E509686007B226C /* MyMarketUITests */,
				2CD2B02A2E509685007B226C /* Products */,
				C49A91793F7C7CCCACEB3750 /* Pods */,
				D5DBB3C91CB6C71556477EE1 /* Frameworks */,
			);
			sourceTree = "<group>";
		};
		2CD2B02A2E509685007B226C /* Products */ = {
			isa = PBXGroup;
			children = (
				2CD2B0292E509685007B226C /* MyMarket.app */,
				2CD2B03F2E509686007B226C /* MyMarketTests.xctest */,
				2CD2B0492E509686007B226C /* MyMarketUITests.xctest */,
			);
			name = Products;
			sourceTree = "<group>";
		};
		C49A91793F7C7CCCACEB3750 /* Pods */ = {
			isa = PBXGroup;
			children = (
				42729452C242C375448AAF8F /* Pods-MyMarket.debug.xcconfig */,
				1C77624CE1DAD243854545CF /* Pods-MyMarket.release.xcconfig */,
				9D38D7F2A546D0B24F853310 /* Pods-MyMarket-MyMarketUITests.debug.xcconfig */,
				FB316D441677EC9929113513 /* Pods-MyMarket-MyMarketUITests.release.xcconfig */,
				901C7E5E82021B1452F6BC2F /* Pods-MyMarketTests.debug.xcconfig */,
				444E3035D14EDAC4697A6CA5 /* Pods-MyMarketTests.release.xcconfig */,
			);
			path = Pods;
			sourceTree = "<group>";
		};
		D5DBB3C91CB6C71556477EE1 /* Frameworks */ = {
			isa = PBXGroup;
			children = (
				29C67BAF9DC18688D20EB263 /* Pods_MyMarket.framework */,
				E65B9738023F0268272A6D4E /* Pods_MyMarket_MyMarketUITests.framework */,
				F58630EC41421AFB730DEE2B /* Pods_MyMarketTests.framework */,
			);
			name = Frameworks;
			sourceTree = "<group>";
		};
/* End PBXGroup section */

/* Begin PBXNativeTarget section */
		2CD2B0282E509685007B226C /* MyMarket */ = {
			isa = PBXNativeTarget;
			buildConfigurationList = 2CD2B0522E509686007B226C /* Build configuration list for PBXNativeTarget "MyMarket" */;
			buildPhases = (
				992BA6F5887BC31DC578052D /* [CP] Check Pods Manifest.lock */,
				2CD2B0252E509685007B226C /* Sources */,
				2CD2B0262E509685007B226C /* Frameworks */,
				2CD2B0272E509685007B226C /* Resources */,
				73D979ABD7C80FC165AB830C /* [CP] Embed Pods Frameworks */,
			);
			buildRules = (
			);
			dependencies = (
			);
			fileSystemSynchronizedGroups = (
				2CD2B02B2E509685007B226C /* MyMarket */,
			);
			name = MyMarket;
			productName = MyMarket;
			productReference = 2CD2B0292E509685007B226C /* MyMarket.app */;
			productType = "com.apple.product-type.application";
		};
		2CD2B03E2E509686007B226C /* MyMarketTests */ = {
			isa = PBXNativeTarget;
			buildConfigurationList = 2CD2B0572E509686007B226C /* Build configuration list for PBXNativeTarget "MyMarketTests" */;
			buildPhases = (
				2ADFD9B64AD6545B3DA3F329 /* [CP] Check Pods Manifest.lock */,
				2CD2B03B2E509686007B226C /* Sources */,
				2CD2B03C2E509686007B226C /* Frameworks */,
				2CD2B03D2E509686007B226C /* Resources */,
			);
			buildRules = (
			);
			dependencies = (
				2CD2B0412E509686007B226C /* PBXTargetDependency */,
			);
			fileSystemSynchronizedGroups = (
				2CD2B0422E509686007B226C /* MyMarketTests */,
			);
			name = MyMarketTests;
			productName = MyMarketTests;
			productReference = 2CD2B03F2E509686007B226C /* MyMarketTests.xctest */;
			productType = "com.apple.product-type.bundle.unit-test";
		};
		2CD2B0482E509686007B226C /* MyMarketUITests */ = {
			isa = PBXNativeTarget;
			buildConfigurationList = 2CD2B05A2E509686007B226C /* Build configuration list for PBXNativeTarget "MyMarketUITests" */;
			buildPhases = (
				21F3233912D7858B2B6E91CB /* [CP] Check Pods Manifest.lock */,
				2CD2B0452E509686007B226C /* Sources */,
				2CD2B0462E509686007B226C /* Frameworks */,
				2CD2B0472E509686007B226C /* Resources */,
				3FB961CED9A58DEAAE1F39AA /* [CP] Embed Pods Frameworks */,
			);
			buildRules = (
			);
			dependencies = (
				2CD2B04B2E509686007B226C /* PBXTargetDependency */,
			);
			fileSystemSynchronizedGroups = (
				2CD2B04C2E509686007B226C /* MyMarketUITests */,
			);
			name = MyMarketUITests;
			productName = MyMarketUITests;
			productReference = 2CD2B0492E509686007B226C /* MyMarketUITests.xctest */;
			productType = "com.apple.product-type.bundle.ui-testing";
		};
/* End PBXNativeTarget section */

/* Begin PBXProject section */
		2CD2B0212E509685007B226C /* Project object */ = {
			isa = PBXProject;
			attributes = {
				BuildIndependentTargetsInParallel = 1;
				LastSwiftUpdateCheck = 1640;
				LastUpgradeCheck = 1640;
				TargetAttributes = {
					2CD2B0282E509685007B226C = {
						CreatedOnToolsVersion = 16.4;
					};
					2CD2B03E2E509686007B226C = {
						CreatedOnToolsVersion = 16.4;
						TestTargetID = 2CD2B0282E509685007B226C;
					};
					2CD2B0482E509686007B226C = {
						CreatedOnToolsVersion = 16.4;
						TestTargetID = 2CD2B0282E509685007B226C;
					};
				};
			};
			buildConfigurationList = 2CD2B0242E509685007B226C /* Build configuration list for PBXProject "MyMarket" */;
			developmentRegion = en;
			hasScannedForEncodings = 0;
			knownRegions = (
				en,
				Base,
			);
			mainGroup = 2CD2B0202E509685007B226C;
			minimizedProjectReferenceProxies = 1;
			preferredProjectObjectVersion = 77;
			productRefGroup = 2CD2B02A2E509685007B226C /* Products */;
			projectDirPath = "";
			projectRoot = "";
			targets = (
				2CD2B0282E509685007B226C /* MyMarket */,
				2CD2B03E2E509686007B226C /* MyMarketTests */,
				2CD2B0482E509686007B226C /* MyMarketUITests */,
			);
		};
/* End PBXProject section */

/* Begin PBXResourcesBuildPhase section */
		2CD2B0272E509685007B226C /* Resources */ = {
			isa = PBXResourcesBuildPhase;
			buildActionMask = 2147483647;
			files = (
			);
			runOnlyForDeploymentPostprocessing = 0;
		};
		2CD2B03D2E509686007B226C /* Resources */ = {
			isa = PBXResourcesBuildPhase;
			buildActionMask = 2147483647;
			files = (
			);
			runOnlyForDeploymentPostprocessing = 0;
		};
		2CD2B0472E509686007B226C /* Resources */ = {
			isa = PBXResourcesBuildPhase;
			buildActionMask = 2147483647;
			files = (
			);
			runOnlyForDeploymentPostprocessing = 0;
		};
/* End PBXResourcesBuildPhase section */

/* Begin PBXShellScriptBuildPhase section */
		21F3233912D7858B2B6E91CB /* [CP] Check Pods Manifest.lock */ = {
			isa = PBXShellScriptBuildPhase;
			buildActionMask = 2147483647;
			files = (
			);
			inputFileListPaths = (
			);
			inputPaths = (
				"${PODS_PODFILE_DIR_PATH}/Podfile.lock",
				"${PODS_ROOT}/Manifest.lock",
			);
			name = "[CP] Check Pods Manifest.lock";
			outputFileListPaths = (
			);
			outputPaths = (
				"$(DERIVED_FILE_DIR)/Pods-MyMarket-MyMarketUITests-checkManifestLockResult.txt",
			);
			runOnlyForDeploymentPostprocessing = 0;
			shellPath = /bin/sh;
			shellScript = "diff \"${PODS_PODFILE_DIR_PATH}/Podfile.lock\" \"${PODS_ROOT}/Manifest.lock\" > /dev/null\nif [ $? != 0 ] ; then\n    # print error to STDERR\n    echo \"error: The sandbox is not in sync with the Podfile.lock. Run 'pod install' or update your CocoaPods installation.\" >&2\n    exit 1\nfi\n# This output is used by Xcode 'outputs' to avoid re-running this script phase.\necho \"SUCCESS\" > \"${SCRIPT_OUTPUT_FILE_0}\"\n";
			showEnvVarsInLog = 0;
		};
		2ADFD9B64AD6545B3DA3F329 /* [CP] Check Pods Manifest.lock */ = {
			isa = PBXShellScriptBuildPhase;
			buildActionMask = 2147483647;
			files = (
			);
			inputFileListPaths = (
			);
			inputPaths = (
				"${PODS_PODFILE_DIR_PATH}/Podfile.lock",
				"${PODS_ROOT}/Manifest.lock",
			);
			name = "[CP] Check Pods Manifest.lock";
			outputFileListPaths = (
			);
			outputPaths = (
				"$(DERIVED_FILE_DIR)/Pods-MyMarketTests-checkManifestLockResult.txt",
			);
			runOnlyForDeploymentPostprocessing = 0;
			shellPath = /bin/sh;
			shellScript = "diff \"${PODS_PODFILE_DIR_PATH}/Podfile.lock\" \"${PODS_ROOT}/Manifest.lock\" > /dev/null\nif [ $? != 0 ] ; then\n    # print error to STDERR\n    echo \"error: The sandbox is not in sync with the Podfile.lock. Run 'pod install' or update your CocoaPods installation.\" >&2\n    exit 1\nfi\n# This output is used by Xcode 'outputs' to avoid re-running this script phase.\necho \"SUCCESS\" > \"${SCRIPT_OUTPUT_FILE_0}\"\n";
			showEnvVarsInLog = 0;
		};
		3FB961CED9A58DEAAE1F39AA /* [CP] Embed Pods Frameworks */ = {
			isa = PBXShellScriptBuildPhase;
			buildActionMask = 2147483647;
			files = (
			);
			inputFileListPaths = (
				"${PODS_ROOT}/Target Support Files/Pods-MyMarket-MyMarketUITests/Pods-MyMarket-MyMarketUITests-frameworks-${CONFIGURATION}-input-files.xcfilelist",
			);
			inputPaths = (
			);
			name = "[CP] Embed Pods Frameworks";
			outputFileListPaths = (
				"${PODS_ROOT}/Target Support Files/Pods-MyMarket-MyMarketUITests/Pods-MyMarket-MyMarketUITests-frameworks-${CONFIGURATION}-output-files.xcfilelist",
			);
			outputPaths = (
			);
			runOnlyForDeploymentPostprocessing = 0;
			shellPath = /bin/sh;
			shellScript = "\"${PODS_ROOT}/Target Support Files/Pods-MyMarket-MyMarketUITests/Pods-MyMarket-MyMarketUITests-frameworks.sh\"\n";
			showEnvVarsInLog = 0;
		};
		73D979ABD7C80FC165AB830C /* [CP] Embed Pods Frameworks */ = {
			isa = PBXShellScriptBuildPhase;
			buildActionMask = 2147483647;
			files = (
			);
			inputFileListPaths = (
				"${PODS_ROOT}/Target Support Files/Pods-MyMarket/Pods-MyMarket-frameworks-${CONFIGURATION}-input-files.xcfilelist",
			);
			inputPaths = (
			);
			name = "[CP] Embed Pods Frameworks";
			outputFileListPaths = (
				"${PODS_ROOT}/Target Support Files/Pods-MyMarket/Pods-MyMarket-frameworks-${CONFIGURATION}-output-files.xcfilelist",
			);
			outputPaths = (
			);
			runOnlyForDeploymentPostprocessing = 0;
			shellPath = /bin/sh;
			shellScript = "\"${PODS_ROOT}/Target Support Files/Pods-MyMarket/Pods-MyMarket-frameworks.sh\"\n";
			showEnvVarsInLog = 0;
		};
		992BA6F5887BC31DC578052D /* [CP] Check Pods Manifest.lock */ = {
			isa = PBXShellScriptBuildPhase;
			buildActionMask = 2147483647;
			files = (
			);
			inputFileListPaths = (
			);
			inputPaths = (
				"${PODS_PODFILE_DIR_PATH}/Podfile.lock",
				"${PODS_ROOT}/Manifest.lock",
			);
			name = "[CP] Check Pods Manifest.lock";
			outputFileListPaths = (
			);
			outputPaths = (
				"$(DERIVED_FILE_DIR)/Pods-MyMarket-checkManifestLockResult.txt",
			);
			runOnlyForDeploymentPostprocessing = 0;
			shellPath = /bin/sh;
			shellScript = "diff \"${PODS_PODFILE_DIR_PATH}/Podfile.lock\" \"${PODS_ROOT}/Manifest.lock\" > /dev/null\nif [ $? != 0 ] ; then\n    # print error to STDERR\n    echo \"error: The sandbox is not in sync with the Podfile.lock. Run 'pod install' or update your CocoaPods installation.\" >&2\n    exit 1\nfi\n# This output is used by Xcode 'outputs' to avoid re-running this script phase.\necho \"SUCCESS\" > \"${SCRIPT_OUTPUT_FILE_0}\"\n";
			showEnvVarsInLog = 0;
		};
/* End PBXShellScriptBuildPhase section */

/* Begin PBXSourcesBuildPhase section */
		2CD2B0252E509685007B226C /* Sources */ = {
			isa = PBXSourcesBuildPhase;
			buildActionMask = 2147483647;
			files = (
			);
			runOnlyForDeploymentPostprocessing = 0;
		};
		2CD2B03B2E509686007B226C /* Sources */ = {
			isa = PBXSourcesBuildPhase;
			buildActionMask = 2147483647;
			files = (
			);
			runOnlyForDeploymentPostprocessing = 0;
		};
		2CD2B0452E509686007B226C /* Sources */ = {
			isa = PBXSourcesBuildPhase;
			buildActionMask = 2147483647;
			files = (
			);
			runOnlyForDeploymentPostprocessing = 0;
		};
/* End PBXSourcesBuildPhase section */

/* Begin PBXTargetDependency section */
		2CD2B0412E509686007B226C /* PBXTargetDependency */ = {
			isa = PBXTargetDependency;
			target = 2CD2B0282E509685007B226C /* MyMarket */;
			targetProxy = 2CD2B0402E509686007B226C /* PBXContainerItemProxy */;
		};
		2CD2B04B2E509686007B226C /* PBXTargetDependency */ = {
			isa = PBXTargetDependency;
			target = 2CD2B0282E509685007B226C /* MyMarket */;
			targetProxy = 2CD2B04A2E509686007B226C /* PBXContainerItemProxy */;
		};
/* End PBXTargetDependency section */

/* Begin XCBuildConfiguration section */
		2CD2B0532E509686007B226C /* Debug */ = {
			isa = XCBuildConfiguration;
			baseConfigurationReference = 42729452C242C375448AAF8F /* Pods-MyMarket.debug.xcconfig */;
			buildSettings = {
				ASSETCATALOG_COMPILER_APPICON_NAME = AppIcon;
				ASSETCATALOG_COMPILER_GLOBAL_ACCENT_COLOR_NAME = AccentColor;
				CODE_SIGN_STYLE = Automatic;
				CURRENT_PROJECT_VERSION = 1;
				DEVELOPMENT_TEAM = 88V4NLXHAM;
				ENABLE_USER_SCRIPT_SANDBOXING = NO;
				GENERATE_INFOPLIST_FILE = YES;
				INFOPLIST_FILE = MyMarket/Info.plist;
				INFOPLIST_KEY_UIApplicationSupportsIndirectInputEvents = YES;
				INFOPLIST_KEY_UILaunchStoryboardName = LaunchScreen;
				INFOPLIST_KEY_UIMainStoryboardFile = Main;
				INFOPLIST_KEY_UISupportedInterfaceOrientations_iPad = "UIInterfaceOrientationPortrait UIInterfaceOrientationPortraitUpsideDown UIInterfaceOrientationLandscapeLeft UIInterfaceOrientationLandscapeRight";
				INFOPLIST_KEY_UISupportedInterfaceOrientations_iPhone = "UIInterfaceOrientationPortrait UIInterfaceOrientationLandscapeLeft UIInterfaceOrientationLandscapeRight";
				LD_RUNPATH_SEARCH_PATHS = (
					"$(inherited)",
					"@executable_path/Frameworks",
				);
				MARKETING_VERSION = 1.0;
				PRODUCT_BUNDLE_IDENTIFIER = bogdanguk.MyMarket;
				PRODUCT_NAME = "$(TARGET_NAME)";
				SWIFT_EMIT_LOC_STRINGS = YES;
				SWIFT_VERSION = 5.0;
				TARGETED_DEVICE_FAMILY = "1,2";
			};
			name = Debug;
		};
		2CD2B0542E509686007B226C /* Release */ = {
			isa = XCBuildConfiguration;
			baseConfigurationReference = 1C77624CE1DAD243854545CF /* Pods-MyMarket.release.xcconfig */;
			buildSettings = {
				ASSETCATALOG_COMPILER_APPICON_NAME = AppIcon;
				ASSETCATALOG_COMPILER_GLOBAL_ACCENT_COLOR_NAME = AccentColor;
				CODE_SIGN_STYLE = Automatic;
				CURRENT_PROJECT_VERSION = 1;
				DEVELOPMENT_TEAM = 88V4NLXHAM;
				ENABLE_USER_SCRIPT_SANDBOXING = NO;
				GENERATE_INFOPLIST_FILE = YES;
				INFOPLIST_FILE = MyMarket/Info.plist;
				INFOPLIST_KEY_UIApplicationSupportsIndirectInputEvents = YES;
				INFOPLIST_KEY_UILaunchStoryboardName = LaunchScreen;
				INFOPLIST_KEY_UIMainStoryboardFile = Main;
				INFOPLIST_KEY_UISupportedInterfaceOrientations_iPad = "UIInterfaceOrientationPortrait UIInterfaceOrientationPortraitUpsideDown UIInterfaceOrientationLandscapeLeft UIInterfaceOrientationLandscapeRight";
				INFOPLIST_KEY_UISupportedInterfaceOrientations_iPhone = "UIInterfaceOrientationPortrait UIInterfaceOrientationLandscapeLeft UIInterfaceOrientationLandscapeRight";
				LD_RUNPATH_SEARCH_PATHS = (
					"$(inherited)",
					"@executable_path/Frameworks",
				);
				MARKETING_VERSION = 1.0;
				PRODUCT_BUNDLE_IDENTIFIER = bogdanguk.MyMarket;
				PRODUCT_NAME = "$(TARGET_NAME)";
				SWIFT_EMIT_LOC_STRINGS = YES;
				SWIFT_VERSION = 5.0;
				TARGETED_DEVICE_FAMILY = "1,2";
			};
			name = Release;
		};
		2CD2B0552E509686007B226C /* Debug */ = {
			isa = XCBuildConfiguration;
			buildSettings = {
				ALWAYS_SEARCH_USER_PATHS = NO;
				ASSETCATALOG_COMPILER_GENERATE_SWIFT_ASSET_SYMBOL_EXTENSIONS = YES;
				CLANG_ANALYZER_NONNULL = YES;
				CLANG_ANALYZER_NUMBER_OBJECT_CONVERSION = YES_AGGRESSIVE;
				CLANG_CXX_LANGUAGE_STANDARD = "gnu++20";
				CLANG_ENABLE_MODULES = YES;
				CLANG_ENABLE_OBJC_ARC = YES;
				CLANG_ENABLE_OBJC_WEAK = YES;
				CLANG_WARN_BLOCK_CAPTURE_AUTORELEASING = YES;
				CLANG_WARN_BOOL_CONVERSION = YES;
				CLANG_WARN_COMMA = YES;
				CLANG_WARN_CONSTANT_CONVERSION = YES;
				CLANG_WARN_DEPRECATED_OBJC_IMPLEMENTATIONS = YES;
				CLANG_WARN_DIRECT_OBJC_ISA_USAGE = YES_ERROR;
				CLANG_WARN_DOCUMENTATION_COMMENTS = YES;
				CLANG_WARN_EMPTY_BODY = YES;
				CLANG_WARN_ENUM_CONVERSION = YES;
				CLANG_WARN_INFINITE_RECURSION = YES;
				CLANG_WARN_INT_CONVERSION = YES;
				CLANG_WARN_NON_LITERAL_NULL_CONVERSION = YES;
				CLANG_WARN_OBJC_IMPLICIT_RETAIN_SELF = YES;
				CLANG_WARN_OBJC_LITERAL_CONVERSION = YES;
				CLANG_WARN_OBJC_ROOT_CLASS = YES_ERROR;
				CLANG_WARN_QUOTED_INCLUDE_IN_FRAMEWORK_HEADER = YES;
				CLANG_WARN_RANGE_LOOP_ANALYSIS = YES;
				CLANG_WARN_STRICT_PROTOTYPES = YES;
				CLANG_WARN_SUSPICIOUS_MOVE = YES;
				CLANG_WARN_UNGUARDED_AVAILABILITY = YES_AGGRESSIVE;
				CLANG_WARN_UNREACHABLE_CODE = YES;
				CLANG_WARN__DUPLICATE_METHOD_MATCH = YES;
				COPY_PHASE_STRIP = NO;
				DEBUG_INFORMATION_FORMAT = dwarf;
				ENABLE_STRICT_OBJC_MSGSEND = YES;
				ENABLE_TESTABILITY = YES;
				ENABLE_USER_SCRIPT_SANDBOXING = YES;
				GCC_C_LANGUAGE_STANDARD = gnu17;
				GCC_DYNAMIC_NO_PIC = NO;
				GCC_NO_COMMON_BLOCKS = YES;
				GCC_OPTIMIZATION_LEVEL = 0;
				GCC_PREPROCESSOR_DEFINITIONS = (
					"DEBUG=1",
					"$(inherited)",
				);
				GCC_WARN_64_TO_32_BIT_CONVERSION = YES;
				GCC_WARN_ABOUT_RETURN_TYPE = YES_ERROR;
				GCC_WARN_UNDECLARED_SELECTOR = YES;
				GCC_WARN_UNINITIALIZED_AUTOS = YES_AGGRESSIVE;
				GCC_WARN_UNUSED_FUNCTION = YES;
				GCC_WARN_UNUSED_VARIABLE = YES;
				IPHONEOS_DEPLOYMENT_TARGET = 18.5;
				LOCALIZATION_PREFERS_STRING_CATALOGS = YES;
				MTL_ENABLE_DEBUG_INFO = INCLUDE_SOURCE;
				MTL_FAST_MATH = YES;
				ONLY_ACTIVE_ARCH = YES;
				SDKROOT = iphoneos;
				SWIFT_ACTIVE_COMPILATION_CONDITIONS = "DEBUG $(inherited)";
				SWIFT_OPTIMIZATION_LEVEL = "-Onone";
			};
			name = Debug;
		};
		2CD2B0562E509686007B226C /* Release */ = {
			isa = XCBuildConfiguration;
			buildSettings = {
				ALWAYS_SEARCH_USER_PATHS = NO;
				ASSETCATALOG_COMPILER_GENERATE_SWIFT_ASSET_SYMBOL_EXTENSIONS = YES;
				CLANG_ANALYZER_NONNULL = YES;
				CLANG_ANALYZER_NUMBER_OBJECT_CONVERSION = YES_AGGRESSIVE;
				CLANG_CXX_LANGUAGE_STANDARD = "gnu++20";
				CLANG_ENABLE_MODULES = YES;
				CLANG_ENABLE_OBJC_ARC = YES;
				CLANG_ENABLE_OBJC_WEAK = YES;
				CLANG_WARN_BLOCK_CAPTURE_AUTORELEASING = YES;
				CLANG_WARN_BOOL_CONVERSION = YES;
				CLANG_WARN_COMMA = YES;
				CLANG_WARN_CONSTANT_CONVERSION = YES;
				CLANG_WARN_DEPRECATED_OBJC_IMPLEMENTATIONS = YES;
				CLANG_WARN_DIRECT_OBJC_ISA_USAGE = YES_ERROR;
				CLANG_WARN_DOCUMENTATION_COMMENTS = YES;
				CLANG_WARN_EMPTY_BODY = YES;
				CLANG_WARN_ENUM_CONVERSION = YES;
				CLANG_WARN_INFINITE_RECURSION = YES;
				CLANG_WARN_INT_CONVERSION = YES;
				CLANG_WARN_NON_LITERAL_NULL_CONVERSION = YES;
				CLANG_WARN_OBJC_IMPLICIT_RETAIN_SELF = YES;
				CLANG_WARN_OBJC_LITERAL_CONVERSION = YES;
				CLANG_WARN_OBJC_ROOT_CLASS = YES_ERROR;
				CLANG_WARN_QUOTED_INCLUDE_IN_FRAMEWORK_HEADER = YES;
				CLANG_WARN_RANGE_LOOP_ANALYSIS = YES;
				CLANG_WARN_STRICT_PROTOTYPES = YES;
				CLANG_WARN_SUSPICIOUS_MOVE = YES;
				CLANG_WARN_UNGUARDED_AVAILABILITY = YES_AGGRESSIVE;
				CLANG_WARN_UNREACHABLE_CODE = YES;
				CLANG_WARN__DUPLICATE_METHOD_MATCH = YES;
				COPY_PHASE_STRIP = NO;
				DEBUG_INFORMATION_FORMAT = "dwarf-with-dsym";
				ENABLE_NS_ASSERTIONS = NO;
				ENABLE_STRICT_OBJC_MSGSEND = YES;
				ENABLE_USER_SCRIPT_SANDBOXING = YES;
				GCC_C_LANGUAGE_STANDARD = gnu17;
				GCC_NO_COMMON_BLOCKS = YES;
				GCC_WARN_64_TO_32_BIT_CONVERSION = YES;
				GCC_WARN_ABOUT_RETURN_TYPE = YES_ERROR;
				GCC_WARN_UNDECLARED_SELECTOR = YES;
				GCC_WARN_UNINITIALIZED_AUTOS = YES_AGGRESSIVE;
				GCC_WARN_UNUSED_FUNCTION = YES;
				GCC_WARN_UNUSED_VARIABLE = YES;
				IPHONEOS_DEPLOYMENT_TARGET = 18.5;
				LOCALIZATION_PREFERS_STRING_CATALOGS = YES;
				MTL_ENABLE_DEBUG_INFO = NO;
				MTL_FAST_MATH = YES;
				SDKROOT = iphoneos;
				SWIFT_COMPILATION_MODE = wholemodule;
				VALIDATE_PRODUCT = YES;
			};
			name = Release;
		};
		2CD2B0582E509686007B226C /* Debug */ = {
			isa = XCBuildConfiguration;
			baseConfigurationReference = 901C7E5E82021B1452F6BC2F /* Pods-MyMarketTests.debug.xcconfig */;
			buildSettings = {
				BUNDLE_LOADER = "$(TEST_HOST)";
				CODE_SIGN_STYLE = Automatic;
				CURRENT_PROJECT_VERSION = 1;
				GENERATE_INFOPLIST_FILE = YES;
				IPHONEOS_DEPLOYMENT_TARGET = 18.5;
				MARKETING_VERSION = 1.0;
				PRODUCT_BUNDLE_IDENTIFIER = bogdanguk.MyMarketTests;
				PRODUCT_NAME = "$(TARGET_NAME)";
				SWIFT_EMIT_LOC_STRINGS = NO;
				SWIFT_VERSION = 5.0;
				TARGETED_DEVICE_FAMILY = "1,2";
				TEST_HOST = "$(BUILT_PRODUCTS_DIR)/MyMarket.app/$(BUNDLE_EXECUTABLE_FOLDER_PATH)/MyMarket";
			};
			name = Debug;
		};
		2CD2B0592E509686007B226C /* Release */ = {
			isa = XCBuildConfiguration;
			baseConfigurationReference = 444E3035D14EDAC4697A6CA5 /* Pods-MyMarketTests.release.xcconfig */;
			buildSettings = {
				BUNDLE_LOADER = "$(TEST_HOST)";
				CODE_SIGN_STYLE = Automatic;
				CURRENT_PROJECT_VERSION = 1;
				GENERATE_INFOPLIST_FILE = YES;
				IPHONEOS_DEPLOYMENT_TARGET = 18.5;
				MARKETING_VERSION = 1.0;
				PRODUCT_BUNDLE_IDENTIFIER = bogdanguk.MyMarketTests;
				PRODUCT_NAME = "$(TARGET_NAME)";
				SWIFT_EMIT_LOC_STRINGS = NO;
				SWIFT_VERSION = 5.0;
				TARGETED_DEVICE_FAMILY = "1,2";
				TEST_HOST = "$(BUILT_PRODUCTS_DIR)/MyMarket.app/$(BUNDLE_EXECUTABLE_FOLDER_PATH)/MyMarket";
			};
			name = Release;
		};
		2CD2B05B2E509686007B226C /* Debug */ = {
			isa = XCBuildConfiguration;
			baseConfigurationReference = 9D38D7F2A546D0B24F853310 /* Pods-MyMarket-MyMarketUITests.debug.xcconfig */;
			buildSettings = {
				CODE_SIGN_STYLE = Automatic;
				CURRENT_PROJECT_VERSION = 1;
				GENERATE_INFOPLIST_FILE = YES;
				MARKETING_VERSION = 1.0;
				PRODUCT_BUNDLE_IDENTIFIER = bogdanguk.MyMarketUITests;
				PRODUCT_NAME = "$(TARGET_NAME)";
				SWIFT_EMIT_LOC_STRINGS = NO;
				SWIFT_VERSION = 5.0;
				TARGETED_DEVICE_FAMILY = "1,2";
				TEST_TARGET_NAME = MyMarket;
			};
			name = Debug;
		};
		2CD2B05C2E509686007B226C /* Release */ = {
			isa = XCBuildConfiguration;
			baseConfigurationReference = FB316D441677EC9929113513 /* Pods-MyMarket-MyMarketUITests.release.xcconfig */;
			buildSettings = {
				CODE_SIGN_STYLE = Automatic;
				CURRENT_PROJECT_VERSION = 1;
				GENERATE_INFOPLIST_FILE = YES;
				MARKETING_VERSION = 1.0;
				PRODUCT_BUNDLE_IDENTIFIER = bogdanguk.MyMarketUITests;
				PRODUCT_NAME = "$(TARGET_NAME)";
				SWIFT_EMIT_LOC_STRINGS = NO;
				SWIFT_VERSION = 5.0;
				TARGETED_DEVICE_FAMILY = "1,2";
				TEST_TARGET_NAME = MyMarket;
			};
			name = Release;
		};
/* End XCBuildConfiguration section */

/* Begin XCConfigurationList section */
		2CD2B0242E509685007B226C /* Build configuration list for PBXProject "MyMarket" */ = {
			isa = XCConfigurationList;
			buildConfigurations = (
				2CD2B0552E509686007B226C /* Debug */,
				2CD2B0562E509686007B226C /* Release */,
			);
			defaultConfigurationIsVisible = 0;
			defaultConfigurationName = Release;
		};
		2CD2B0522E509686007B226C /* Build configuration list for PBXNativeTarget "MyMarket" */ = {
			isa = XCConfigurationList;
			buildConfigurations = (
				2CD2B0532E509686007B226C /* Debug */,
				2CD2B0542E509686007B226C /* Release */,
			);
			defaultConfigurationIsVisible = 0;
			defaultConfigurationName = Release;
		};
		2CD2B0572E509686007B226C /* Build configuration list for PBXNativeTarget "MyMarketTests" */ = {
			isa = XCConfigurationList;
			buildConfigurations = (
				2CD2B0582E509686007B226C /* Debug */,
				2CD2B0592E509686007B226C /* Release */,
			);
			defaultConfigurationIsVisible = 0;
			defaultConfigurationName = Release;
		};
		2CD2B05A2E509686007B226C /* Build configuration list for PBXNativeTarget "MyMarketUITests" */ = {
			isa = XCConfigurationList;
			buildConfigurations = (
				2CD2B05B2E509686007B226C /* Debug */,
				2CD2B05C2E509686007B226C /* Release */,
			);
			defaultConfigurationIsVisible = 0;
			defaultConfigurationName = Release;
		};
/* End XCConfigurationList section */
	};
	rootObject = 2CD2B0212E509685007B226C /* Project object */;
}
